
Microsoft Visual Studio Solution File, Format Version 12.00
# Visual Studio Version 17
VisualStudioVersion = 17.5.33516.290
MinimumVisualStudioVersion = 10.0.40219.1
Project("{9A19103F-16F7-4668-BE54-9A1E7A4F7556}") = "ClickerGame", "Core\ClickerGame.csproj", "{F24A83F1-AEFD-4925-9DB9-92ECB3409CC4}"
EndProject
Project("{9A19103F-16F7-4668-BE54-9A1E7A4F7556}") = "TerminalGui", "TerminalGui\TerminalGui.csproj", "{278FB5C2-464B-4398-B466-6C66E982B695}"
EndProject
Project("{9A19103F-16F7-4668-BE54-9A1E7A4F7556}") = "MauiAppClickerGame", "Maui\MauiApp\MauiAppClickerGame.csproj", "{C4F004DB-4FA4-44EA-ADF5-A0BB7D692CED}"
EndProject
Project("{9A19103F-16F7-4668-BE54-9A1E7A4F7556}") = "BlazorClickerApp", "BlazorClickerApp\BlazorClickerApp.csproj", "{3EAD0ACB-23F9-4283-B035-FD5BC711EF9B}"
EndProject
Project("{9A19103F-16F7-4668-BE54-9A1E7A4F7556}") = "BlazorMvvm.Common", "BlazorMvvm.Common\BlazorMvvm.Common.csproj", "{61F0570E-A098-49C3-856A-D6003AFACD61}"
EndProject
Project("{9A19103F-16F7-4668-BE54-9A1E7A4F7556}") = "BazorComponents", "BazorComponents\BazorComponents.csproj", "{79CDB654-FE84-45EE-BCDF-292CFB8242B6}"
EndProject
Project("{2150E333-8FDC-42A3-9474-1A3956D46DE8}") = "Core", "Core", "{3A862F93-0266-426D-9D02-3820CDFA1B8B}"
EndProject
Project("{2150E333-8FDC-42A3-9474-1A3956D46DE8}") = "View", "View", "{BDEBE2DF-5A5A-48C6-823F-9EBD97C2E848}"
EndProject
Project("{2150E333-8FDC-42A3-9474-1A3956D46DE8}") = "Blazor", "Blazor", "{2820CEE5-AE43-4FBA-9FD1-C080905C1548}"
EndProject
Project("{2150E333-8FDC-42A3-9474-1A3956D46DE8}") = "MAUI", "MAUI", "{F8A9FA66-7ACC-409D-BE85-EE197BBFC386}"
EndProject
Project("{2150E333-8FDC-42A3-9474-1A3956D46DE8}") = "UNO", "UNO", "{7E108502-A344-4F56-97B6-50711B32CDAA}"
EndProject
Project("{2150E333-8FDC-42A3-9474-1A3956D46DE8}") = "Terminal", "Terminal", "{6E54757E-4576-4468-BC07-C7F9AABFA708}"
EndProject
Project("{FAE04EC0-301F-11D3-BF4B-00C04F79EFBC}") = "MauiNativeClickerApp", "MauiNative\MauiNativeClickerApp\MauiNativeClickerApp.csproj", "{AB86E38C-02E7-4138-A859-A48EDEA11D16}"
EndProject
Project("{FAE04EC0-301F-11D3-BF4B-00C04F79EFBC}") = "MauiMvvm.Common", "MauiMvvm.Common\MauiMvvm.Common.csproj", "{BC430EA3-A1F1-4548-A343-8C1618BCA49A}"
EndProject
Global
	GlobalSection(SolutionConfigurationPlatforms) = preSolution
		Debug|Any CPU = Debug|Any CPU
		Release|Any CPU = Release|Any CPU
	EndGlobalSection
	GlobalSection(ProjectConfigurationPlatforms) = postSolution
		{F24A83F1-AEFD-4925-9DB9-92ECB3409CC4}.Debug|Any CPU.ActiveCfg = Debug|Any CPU
		{F24A83F1-AEFD-4925-9DB9-92ECB3409CC4}.Debug|Any CPU.Build.0 = Debug|Any CPU
		{F24A83F1-AEFD-4925-9DB9-92ECB3409CC4}.Release|Any CPU.ActiveCfg = Release|Any CPU
		{F24A83F1-AEFD-4925-9DB9-92ECB3409CC4}.Release|Any CPU.Build.0 = Release|Any CPU
		{278FB5C2-464B-4398-B466-6C66E982B695}.Debug|Any CPU.ActiveCfg = Debug|Any CPU
		{278FB5C2-464B-4398-B466-6C66E982B695}.Debug|Any CPU.Build.0 = Debug|Any CPU
		{278FB5C2-464B-4398-B466-6C66E982B695}.Release|Any CPU.ActiveCfg = Release|Any CPU
		{278FB5C2-464B-4398-B466-6C66E982B695}.Release|Any CPU.Build.0 = Release|Any CPU
		{C4F004DB-4FA4-44EA-ADF5-A0BB7D692CED}.Debug|Any CPU.ActiveCfg = Debug|Any CPU
		{C4F004DB-4FA4-44EA-ADF5-A0BB7D692CED}.Debug|Any CPU.Build.0 = Debug|Any CPU
		{C4F004DB-4FA4-44EA-ADF5-A0BB7D692CED}.Debug|Any CPU.Deploy.0 = Debug|Any CPU
		{C4F004DB-4FA4-44EA-ADF5-A0BB7D692CED}.Release|Any CPU.ActiveCfg = Release|Any CPU
		{C4F004DB-4FA4-44EA-ADF5-A0BB7D692CED}.Release|Any CPU.Build.0 = Release|Any CPU
		{C4F004DB-4FA4-44EA-ADF5-A0BB7D692CED}.Release|Any CPU.Deploy.0 = Release|Any CPU
		{3EAD0ACB-23F9-4283-B035-FD5BC711EF9B}.Debug|Any CPU.ActiveCfg = Debug|Any CPU
		{3EAD0ACB-23F9-4283-B035-FD5BC711EF9B}.Debug|Any CPU.Build.0 = Debug|Any CPU
		{3EAD0ACB-23F9-4283-B035-FD5BC711EF9B}.Release|Any CPU.ActiveCfg = Release|Any CPU
		{3EAD0ACB-23F9-4283-B035-FD5BC711EF9B}.Release|Any CPU.Build.0 = Release|Any CPU
		{61F0570E-A098-49C3-856A-D6003AFACD61}.Debug|Any CPU.ActiveCfg = Debug|Any CPU
		{61F0570E-A098-49C3-856A-D6003AFACD61}.Debug|Any CPU.Build.0 = Debug|Any CPU
		{61F0570E-A098-49C3-856A-D6003AFACD61}.Release|Any CPU.ActiveCfg = Release|Any CPU
		{61F0570E-A098-49C3-856A-D6003AFACD61}.Release|Any CPU.Build.0 = Release|Any CPU
		{79CDB654-FE84-45EE-BCDF-292CFB8242B6}.Debug|Any CPU.ActiveCfg = Debug|Any CPU
		{79CDB654-FE84-45EE-BCDF-292CFB8242B6}.Debug|Any CPU.Build.0 = Debug|Any CPU
		{79CDB654-FE84-45EE-BCDF-292CFB8242B6}.Release|Any CPU.ActiveCfg = Release|Any CPU
		{79CDB654-FE84-45EE-BCDF-292CFB8242B6}.Release|Any CPU.Build.0 = Release|Any CPU
		{AB86E38C-02E7-4138-A859-A48EDEA11D16}.Debug|Any CPU.ActiveCfg = Debug|Any CPU
		{AB86E38C-02E7-4138-A859-A48EDEA11D16}.Debug|Any CPU.Build.0 = Debug|Any CPU
		{AB86E38C-02E7-4138-A859-A48EDEA11D16}.Debug|Any CPU.Deploy.0 = Debug|Any CPU
		{AB86E38C-02E7-4138-A859-A48EDEA11D16}.Release|Any CPU.ActiveCfg = Release|Any CPU
		{AB86E38C-02E7-4138-A859-A48EDEA11D16}.Release|Any CPU.Build.0 = Release|Any CPU
		{AB86E38C-02E7-4138-A859-A48EDEA11D16}.Release|Any CPU.Deploy.0 = Release|Any CPU
		{BC430EA3-A1F1-4548-A343-8C1618BCA49A}.Debug|Any CPU.ActiveCfg = Debug|Any CPU
		{BC430EA3-A1F1-4548-A343-8C1618BCA49A}.Debug|Any CPU.Build.0 = Debug|Any CPU
		{BC430EA3-A1F1-4548-A343-8C1618BCA49A}.Release|Any CPU.ActiveCfg = Release|Any CPU
		{BC430EA3-A1F1-4548-A343-8C1618BCA49A}.Release|Any CPU.Build.0 = Release|Any CPU
	EndGlobalSection
	GlobalSection(SolutionProperties) = preSolution
		HideSolutionNode = FALSE
	EndGlobalSection
	GlobalSection(NestedProjects) = preSolution
		{F24A83F1-AEFD-4925-9DB9-92ECB3409CC4} = {3A862F93-0266-426D-9D02-3820CDFA1B8B}
		{278FB5C2-464B-4398-B466-6C66E982B695} = {6E54757E-4576-4468-BC07-C7F9AABFA708}
		{C4F004DB-4FA4-44EA-ADF5-A0BB7D692CED} = {F8A9FA66-7ACC-409D-BE85-EE197BBFC386}
		{3EAD0ACB-23F9-4283-B035-FD5BC711EF9B} = {2820CEE5-AE43-4FBA-9FD1-C080905C1548}
		{61F0570E-A098-49C3-856A-D6003AFACD61} = {2820CEE5-AE43-4FBA-9FD1-C080905C1548}
		{79CDB654-FE84-45EE-BCDF-292CFB8242B6} = {2820CEE5-AE43-4FBA-9FD1-C080905C1548}
		{2820CEE5-AE43-4FBA-9FD1-C080905C1548} = {BDEBE2DF-5A5A-48C6-823F-9EBD97C2E848}
		{F8A9FA66-7ACC-409D-BE85-EE197BBFC386} = {BDEBE2DF-5A5A-48C6-823F-9EBD97C2E848}
		{7E108502-A344-4F56-97B6-50711B32CDAA} = {BDEBE2DF-5A5A-48C6-823F-9EBD97C2E848}
		{6E54757E-4576-4468-BC07-C7F9AABFA708} = {BDEBE2DF-5A5A-48C6-823F-9EBD97C2E848}
		{AB86E38C-02E7-4138-A859-A48EDEA11D16} = {F8A9FA66-7ACC-409D-BE85-EE197BBFC386}
		{BC430EA3-A1F1-4548-A343-8C1618BCA49A} = {F8A9FA66-7ACC-409D-BE85-EE197BBFC386}
	EndGlobalSection
	GlobalSection(ExtensibilityGlobals) = postSolution
		SolutionGuid = {E836B5EE-E4ED-44C2-ABB6-059C70102604}
	EndGlobalSection
EndGlobal
